{
  "object": {
    "pins": [
      {
        "package": "DeviceKit",
        "repositoryURL": "https://github.com/devicekit/DeviceKit.git",
        "state": {
          "branch": null,
          "revision": "446e3ab022af7bb0058be74c1298e1f7e1615607",
          "version": "3.2.0"
        }
      }
    ]
  },
  "version": 1
}
